
Microsoft Visual Studio Solution File, Format Version 12.00
# Visual Studio 15
VisualStudioVersion = 15.0.26124.0
MinimumVisualStudioVersion = 15.0.26124.0
Project("{FAE04EC0-301F-11D3-BF4B-00C04F79EFBC}") = "Project2.Client", "Project2.Client\Project2.Client.csproj", "{9E40C5BE-2A9E-4096-B7C9-2FCE61B2B057}"
EndProject
Project("{FAE04EC0-301F-11D3-BF4B-00C04F79EFBC}") = "Project2.GridService", "Project2.GridService\Project2.GridService.csproj", "{DFA00896-74A7-49A4-9B9B-407BDCEC65CE}"
EndProject
Project("{FAE04EC0-301F-11D3-BF4B-00C04F79EFBC}") = "Project2.UserService", "Project2.UserService\Project2.UserService.csproj", "{B735D3B0-FE7A-4717-AFB6-E294B28C230C}"
EndProject
Global
	GlobalSection(SolutionConfigurationPlatforms) = preSolution
		Debug|Any CPU = Debug|Any CPU
		Debug|x64 = Debug|x64
		Debug|x86 = Debug|x86
		Release|Any CPU = Release|Any CPU
		Release|x64 = Release|x64
		Release|x86 = Release|x86
	EndGlobalSection
	GlobalSection(SolutionProperties) = preSolution
		HideSolutionNode = FALSE
	EndGlobalSection
	GlobalSection(ProjectConfigurationPlatforms) = postSolution
		{9E40C5BE-2A9E-4096-B7C9-2FCE61B2B057}.Debug|Any CPU.ActiveCfg = Debug|Any CPU
		{9E40C5BE-2A9E-4096-B7C9-2FCE61B2B057}.Debug|Any CPU.Build.0 = Debug|Any CPU
		{9E40C5BE-2A9E-4096-B7C9-2FCE61B2B057}.Debug|x64.ActiveCfg = Debug|Any CPU
		{9E40C5BE-2A9E-4096-B7C9-2FCE61B2B057}.Debug|x64.Build.0 = Debug|Any CPU
		{9E40C5BE-2A9E-4096-B7C9-2FCE61B2B057}.Debug|x86.ActiveCfg = Debug|Any CPU
		{9E40C5BE-2A9E-4096-B7C9-2FCE61B2B057}.Debug|x86.Build.0 = Debug|Any CPU
		{9E40C5BE-2A9E-4096-B7C9-2FCE61B2B057}.Release|Any CPU.ActiveCfg = Release|Any CPU
		{9E40C5BE-2A9E-4096-B7C9-2FCE61B2B057}.Release|Any CPU.Build.0 = Release|Any CPU
		{9E40C5BE-2A9E-4096-B7C9-2FCE61B2B057}.Release|x64.ActiveCfg = Release|Any CPU
		{9E40C5BE-2A9E-4096-B7C9-2FCE61B2B057}.Release|x64.Build.0 = Release|Any CPU
		{9E40C5BE-2A9E-4096-B7C9-2FCE61B2B057}.Release|x86.ActiveCfg = Release|Any CPU
		{9E40C5BE-2A9E-4096-B7C9-2FCE61B2B057}.Release|x86.Build.0 = Release|Any CPU
		{10955451-9C31-4ABE-88F5-51B7A2DE4104}.Debug|Any CPU.ActiveCfg = Debug|Any CPU
		{10955451-9C31-4ABE-88F5-51B7A2DE4104}.Debug|Any CPU.Build.0 = Debug|Any CPU
		{10955451-9C31-4ABE-88F5-51B7A2DE4104}.Debug|x64.ActiveCfg = Debug|Any CPU
		{10955451-9C31-4ABE-88F5-51B7A2DE4104}.Debug|x64.Build.0 = Debug|Any CPU
		{10955451-9C31-4ABE-88F5-51B7A2DE4104}.Debug|x86.ActiveCfg = Debug|Any CPU
		{10955451-9C31-4ABE-88F5-51B7A2DE4104}.Debug|x86.Build.0 = Debug|Any CPU
		{10955451-9C31-4ABE-88F5-51B7A2DE4104}.Release|Any CPU.ActiveCfg = Release|Any CPU
		{10955451-9C31-4ABE-88F5-51B7A2DE4104}.Release|Any CPU.Build.0 = Release|Any CPU
		{10955451-9C31-4ABE-88F5-51B7A2DE4104}.Release|x64.ActiveCfg = Release|Any CPU
		{10955451-9C31-4ABE-88F5-51B7A2DE4104}.Release|x64.Build.0 = Release|Any CPU
		{10955451-9C31-4ABE-88F5-51B7A2DE4104}.Release|x86.ActiveCfg = Release|Any CPU
		{10955451-9C31-4ABE-88F5-51B7A2DE4104}.Release|x86.Build.0 = Release|Any CPU
		{1415EBC7-3090-4746-A5C6-D477E87159CB}.Debug|Any CPU.ActiveCfg = Debug|Any CPU
		{1415EBC7-3090-4746-A5C6-D477E87159CB}.Debug|Any CPU.Build.0 = Debug|Any CPU
		{1415EBC7-3090-4746-A5C6-D477E87159CB}.Debug|x64.ActiveCfg = Debug|Any CPU
		{1415EBC7-3090-4746-A5C6-D477E87159CB}.Debug|x64.Build.0 = Debug|Any CPU
		{1415EBC7-3090-4746-A5C6-D477E87159CB}.Debug|x86.ActiveCfg = Debug|Any CPU
		{1415EBC7-3090-4746-A5C6-D477E87159CB}.Debug|x86.Build.0 = Debug|Any CPU
		{1415EBC7-3090-4746-A5C6-D477E87159CB}.Release|Any CPU.ActiveCfg = Release|Any CPU
		{1415EBC7-3090-4746-A5C6-D477E87159CB}.Release|Any CPU.Build.0 = Release|Any CPU
		{1415EBC7-3090-4746-A5C6-D477E87159CB}.Release|x64.ActiveCfg = Release|Any CPU
		{1415EBC7-3090-4746-A5C6-D477E87159CB}.Release|x64.Build.0 = Release|Any CPU
		{1415EBC7-3090-4746-A5C6-D477E87159CB}.Release|x86.ActiveCfg = Release|Any CPU
		{1415EBC7-3090-4746-A5C6-D477E87159CB}.Release|x86.Build.0 = Release|Any CPU
		{DFA00896-74A7-49A4-9B9B-407BDCEC65CE}.Debug|Any CPU.ActiveCfg = Debug|Any CPU
		{DFA00896-74A7-49A4-9B9B-407BDCEC65CE}.Debug|Any CPU.Build.0 = Debug|Any CPU
		{DFA00896-74A7-49A4-9B9B-407BDCEC65CE}.Debug|x64.ActiveCfg = Debug|Any CPU
		{DFA00896-74A7-49A4-9B9B-407BDCEC65CE}.Debug|x64.Build.0 = Debug|Any CPU
		{DFA00896-74A7-49A4-9B9B-407BDCEC65CE}.Debug|x86.ActiveCfg = Debug|Any CPU
		{DFA00896-74A7-49A4-9B9B-407BDCEC65CE}.Debug|x86.Build.0 = Debug|Any CPU
		{DFA00896-74A7-49A4-9B9B-407BDCEC65CE}.Release|Any CPU.ActiveCfg = Release|Any CPU
		{DFA00896-74A7-49A4-9B9B-407BDCEC65CE}.Release|Any CPU.Build.0 = Release|Any CPU
		{DFA00896-74A7-49A4-9B9B-407BDCEC65CE}.Release|x64.ActiveCfg = Release|Any CPU
		{DFA00896-74A7-49A4-9B9B-407BDCEC65CE}.Release|x64.Build.0 = Release|Any CPU
		{DFA00896-74A7-49A4-9B9B-407BDCEC65CE}.Release|x86.ActiveCfg = Release|Any CPU
		{DFA00896-74A7-49A4-9B9B-407BDCEC65CE}.Release|x86.Build.0 = Release|Any CPU
		{B735D3B0-FE7A-4717-AFB6-E294B28C230C}.Debug|Any CPU.ActiveCfg = Debug|Any CPU
		{B735D3B0-FE7A-4717-AFB6-E294B28C230C}.Debug|Any CPU.Build.0 = Debug|Any CPU
		{B735D3B0-FE7A-4717-AFB6-E294B28C230C}.Debug|x64.ActiveCfg = Debug|Any CPU
		{B735D3B0-FE7A-4717-AFB6-E294B28C230C}.Debug|x64.Build.0 = Debug|Any CPU
		{B735D3B0-FE7A-4717-AFB6-E294B28C230C}.Debug|x86.ActiveCfg = Debug|Any CPU
		{B735D3B0-FE7A-4717-AFB6-E294B28C230C}.Debug|x86.Build.0 = Debug|Any CPU
		{B735D3B0-FE7A-4717-AFB6-E294B28C230C}.Release|Any CPU.ActiveCfg = Release|Any CPU
		{B735D3B0-FE7A-4717-AFB6-E294B28C230C}.Release|Any CPU.Build.0 = Release|Any CPU
		{B735D3B0-FE7A-4717-AFB6-E294B28C230C}.Release|x64.ActiveCfg = Release|Any CPU
		{B735D3B0-FE7A-4717-AFB6-E294B28C230C}.Release|x64.Build.0 = Release|Any CPU
		{B735D3B0-FE7A-4717-AFB6-E294B28C230C}.Release|x86.ActiveCfg = Release|Any CPU
		{B735D3B0-FE7A-4717-AFB6-E294B28C230C}.Release|x86.Build.0 = Release|Any CPU
	EndGlobalSection
EndGlobal
