
Microsoft Visual Studio Solution File, Format Version 12.00
# Visual Studio 15
VisualStudioVersion = 15.0.26124.0
MinimumVisualStudioVersion = 15.0.26124.0
Project("{FAE04EC0-301F-11D3-BF4B-00C04F79EFBC}") = "Project2.Client", "Project2.Client\Project2.Client.csproj", "{9E40C5BE-2A9E-4096-B7C9-2FCE61B2B057}"
EndProject
Global
	GlobalSection(SolutionConfigurationPlatforms) = preSolution
		Debug|Any CPU = Debug|Any CPU
		Debug|x64 = Debug|x64
		Debug|x86 = Debug|x86
		Release|Any CPU = Release|Any CPU
		Release|x64 = Release|x64
		Release|x86 = Release|x86
	EndGlobalSection
	GlobalSection(SolutionProperties) = preSolution
		HideSolutionNode = FALSE
	EndGlobalSection
	GlobalSection(ProjectConfigurationPlatforms) = postSolution
		{9E40C5BE-2A9E-4096-B7C9-2FCE61B2B057}.Debug|Any CPU.ActiveCfg = Debug|Any CPU
		{9E40C5BE-2A9E-4096-B7C9-2FCE61B2B057}.Debug|Any CPU.Build.0 = Debug|Any CPU
		{9E40C5BE-2A9E-4096-B7C9-2FCE61B2B057}.Debug|x64.ActiveCfg = Debug|Any CPU
		{9E40C5BE-2A9E-4096-B7C9-2FCE61B2B057}.Debug|x64.Build.0 = Debug|Any CPU
		{9E40C5BE-2A9E-4096-B7C9-2FCE61B2B057}.Debug|x86.ActiveCfg = Debug|Any CPU
		{9E40C5BE-2A9E-4096-B7C9-2FCE61B2B057}.Debug|x86.Build.0 = Debug|Any CPU
		{9E40C5BE-2A9E-4096-B7C9-2FCE61B2B057}.Release|Any CPU.ActiveCfg = Release|Any CPU
		{9E40C5BE-2A9E-4096-B7C9-2FCE61B2B057}.Release|Any CPU.Build.0 = Release|Any CPU
		{9E40C5BE-2A9E-4096-B7C9-2FCE61B2B057}.Release|x64.ActiveCfg = Release|Any CPU
		{9E40C5BE-2A9E-4096-B7C9-2FCE61B2B057}.Release|x64.Build.0 = Release|Any CPU
		{9E40C5BE-2A9E-4096-B7C9-2FCE61B2B057}.Release|x86.ActiveCfg = Release|Any CPU
		{9E40C5BE-2A9E-4096-B7C9-2FCE61B2B057}.Release|x86.Build.0 = Release|Any CPU
	EndGlobalSection
EndGlobal
